
Microsoft Visual Studio Solution File, Format Version 12.00
# Visual Studio Version 17
VisualStudioVersion = 17.5.33627.172
MinimumVisualStudioVersion = 10.0.40219.1
Project("{9A19103F-16F7-4668-BE54-9A1E7A4F7556}") = "TKDprogress", "TKDprogress\TKDprogress.csproj", "{F2E8A9DA-54A2-4BD0-BE7C-CED1A7918DFD}"
EndProject
Project("{9A19103F-16F7-4668-BE54-9A1E7A4F7556}") = "TKDprogress_BLL", "TKDprogress_BLL\TKDprogress_BLL.csproj", "{3F15F1D1-F3E5-49A4-95A3-2B8BC5EBF0BC}"
EndProject
Project("{9A19103F-16F7-4668-BE54-9A1E7A4F7556}") = "TKDprogress_DAL", "TKDprogress_DAL\TKDprogress_DAL.csproj", "{38876053-B529-4946-939E-8F0EF4CAAF4E}"
EndProject
Project("{9A19103F-16F7-4668-BE54-9A1E7A4F7556}") = "TKDprogress_UnitTest", "TKDprogress_UnitTest\TKDprogress_UnitTest.csproj", "{56D16EA2-42F4-4CEE-B2DA-689D4A9907AB}"
EndProject
Global
	GlobalSection(SolutionConfigurationPlatforms) = preSolution
		Debug|Any CPU = Debug|Any CPU
		Release|Any CPU = Release|Any CPU
	EndGlobalSection
	GlobalSection(ProjectConfigurationPlatforms) = postSolution
		{F2E8A9DA-54A2-4BD0-BE7C-CED1A7918DFD}.Debug|Any CPU.ActiveCfg = Debug|Any CPU
		{F2E8A9DA-54A2-4BD0-BE7C-CED1A7918DFD}.Debug|Any CPU.Build.0 = Debug|Any CPU
		{F2E8A9DA-54A2-4BD0-BE7C-CED1A7918DFD}.Release|Any CPU.ActiveCfg = Release|Any CPU
		{F2E8A9DA-54A2-4BD0-BE7C-CED1A7918DFD}.Release|Any CPU.Build.0 = Release|Any CPU
		{3F15F1D1-F3E5-49A4-95A3-2B8BC5EBF0BC}.Debug|Any CPU.ActiveCfg = Debug|Any CPU
		{3F15F1D1-F3E5-49A4-95A3-2B8BC5EBF0BC}.Debug|Any CPU.Build.0 = Debug|Any CPU
		{3F15F1D1-F3E5-49A4-95A3-2B8BC5EBF0BC}.Release|Any CPU.ActiveCfg = Release|Any CPU
		{3F15F1D1-F3E5-49A4-95A3-2B8BC5EBF0BC}.Release|Any CPU.Build.0 = Release|Any CPU
		{38876053-B529-4946-939E-8F0EF4CAAF4E}.Debug|Any CPU.ActiveCfg = Debug|Any CPU
		{38876053-B529-4946-939E-8F0EF4CAAF4E}.Debug|Any CPU.Build.0 = Debug|Any CPU
		{38876053-B529-4946-939E-8F0EF4CAAF4E}.Release|Any CPU.ActiveCfg = Release|Any CPU
		{38876053-B529-4946-939E-8F0EF4CAAF4E}.Release|Any CPU.Build.0 = Release|Any CPU
		{56D16EA2-42F4-4CEE-B2DA-689D4A9907AB}.Debug|Any CPU.ActiveCfg = Debug|Any CPU
		{56D16EA2-42F4-4CEE-B2DA-689D4A9907AB}.Debug|Any CPU.Build.0 = Debug|Any CPU
		{56D16EA2-42F4-4CEE-B2DA-689D4A9907AB}.Release|Any CPU.ActiveCfg = Release|Any CPU
		{56D16EA2-42F4-4CEE-B2DA-689D4A9907AB}.Release|Any CPU.Build.0 = Release|Any CPU
	EndGlobalSection
	GlobalSection(SolutionProperties) = preSolution
		HideSolutionNode = FALSE
	EndGlobalSection
	GlobalSection(ExtensibilityGlobals) = postSolution
		SolutionGuid = {4A77DBFE-0CDB-45CE-99A1-5025D6206100}
	EndGlobalSection
EndGlobal
